
Microsoft Visual Studio Solution File, Format Version 12.00
# Visual Studio Version 17
VisualStudioVersion = 17.11.35222.181
MinimumVisualStudioVersion = 10.0.40219.1
Project("{FAE04EC0-301F-11D3-BF4B-00C04F79EFBC}") = "Dvymernie massivi", "Dvymernie massivi\Dvymernie massivi.csproj", "{6503D6A5-B41A-49E3-A536-3521C4CE6C5E}"
EndProject
Global
	GlobalSection(SolutionConfigurationPlatforms) = preSolution
		Debug|Any CPU = Debug|Any CPU
		Release|Any CPU = Release|Any CPU
	EndGlobalSection
	GlobalSection(ProjectConfigurationPlatforms) = postSolution
		{6503D6A5-B41A-49E3-A536-3521C4CE6C5E}.Debug|Any CPU.ActiveCfg = Debug|Any CPU
		{6503D6A5-B41A-49E3-A536-3521C4CE6C5E}.Debug|Any CPU.Build.0 = Debug|Any CPU
		{6503D6A5-B41A-49E3-A536-3521C4CE6C5E}.Release|Any CPU.ActiveCfg = Release|Any CPU
		{6503D6A5-B41A-49E3-A536-3521C4CE6C5E}.Release|Any CPU.Build.0 = Release|Any CPU
	EndGlobalSection
	GlobalSection(SolutionProperties) = preSolution
		HideSolutionNode = FALSE
	EndGlobalSection
	GlobalSection(ExtensibilityGlobals) = postSolution
		SolutionGuid = {A984E592-C633-4F2D-954B-00208921E53F}
	EndGlobalSection
EndGlobal
